{"lockfile-version":0,"manifest":{"install":{"ack":null,"gnumake":null,"nodejs":null},"registry":{"defaults":{"subtrees":null},"inputs":{"nixpkgs":{"from":{"owner":"NixOS","ref":"release-23.05","repo":"nixpkgs","type":"github"},"subtrees":["legacyPackages"]}},"priority":["nixpkgs"]}},"packages":{"aarch64-darwin":{"ack":{"attr-path":["legacyPackages","aarch64-darwin","ack"],"info":{"broken":false,"license":null,"pname":"ack","unfree":false,"version":"3.7.0"},"input":{"attrs":{"lastModified":1701805708,"narHash":"sha256-hh0S14E816Img0tPaNQSEKFvSscSIrvu1ypubtfh6M4=","owner":"NixOS","repo":"nixpkgs","rev":"0561103cedb11e7554cf34cea81e5f5d578a4753","type":"github"},"fingerprint":"aa98e52708be56a8b7577908fec1bcdfa31c32de8f5adb31604eaf5c5d6f7df6","url":"github:NixOS/nixpkgs/0561103cedb11e7554cf34cea81e5f5d578a4753"},"priority":5},"gnumake":{"attr-path":["legacyPackages","aarch64-darwin","gnumake"],"info":{"broken":false,"license":"GPL-3.0-or-later","pname":"gnumake","unfree":false,"version":"4.4.1"},"input":{"attrs":{"lastModified":1701805708,"narHash":"sha256-hh0S14E816Img0tPaNQSEKFvSscSIrvu1ypubtfh6M4=","owner":"NixOS","repo":"nixpkgs","rev":"0561103cedb11e7554cf34cea81e5f5d578a4753","type":"github"},"fingerprint":"aa98e52708be56a8b7577908fec1bcdfa31c32de8f5adb31604eaf5c5d6f7df6","url":"github:NixOS/nixpkgs/0561103cedb11e7554cf34cea81e5f5d578a4753"},"priority":5},"nodejs":{"attr-path":["legacyPackages","aarch64-darwin","nodejs"],"info":{"broken":false,"license":"MIT","pname":"nodejs","unfree":false,"version":"18.17.1"},"input":{"attrs":{"lastModified":1701805708,"narHash":"sha256-hh0S14E816Img0tPaNQSEKFvSscSIrvu1ypubtfh6M4=","owner":"NixOS","repo":"nixpkgs","rev":"0561103cedb11e7554cf34cea81e5f5d578a4753","type":"github"},"fingerprint":"aa98e52708be56a8b7577908fec1bcdfa31c32de8f5adb31604eaf5c5d6f7df6","url":"github:NixOS/nixpkgs/0561103cedb11e7554cf34cea81e5f5d578a4753"},"priority":5}}},"registry":{"defaults":{"subtrees":null},"inputs":{"nixpkgs":{"from":{"lastModified":1701805708,"narHash":"sha256-hh0S14E816Img0tPaNQSEKFvSscSIrvu1ypubtfh6M4=","owner":"NixOS","repo":"nixpkgs","rev":"0561103cedb11e7554cf34cea81e5f5d578a4753","type":"github"},"subtrees":["legacyPackages"]}},"priority":["nixpkgs"]}}